
Microsoft Visual Studio Solution File, Format Version 12.00
# Visual Studio Version 16
VisualStudioVersion = 25.0.1706.8
MinimumVisualStudioVersion = 10.0.40219.1
Project("{FAE04EC0-301F-11D3-BF4B-00C04F79EFBC}") = "HoneyRaesAPI", "HoneyRaesAPI.csproj", "{DFBDFAC4-0A0C-40AF-AE48-26F564331684}"
EndProject
Global
	GlobalSection(SolutionConfigurationPlatforms) = preSolution
		Debug|Any CPU = Debug|Any CPU
		Release|Any CPU = Release|Any CPU
	EndGlobalSection
	GlobalSection(ProjectConfigurationPlatforms) = postSolution
		{DFBDFAC4-0A0C-40AF-AE48-26F564331684}.Debug|Any CPU.ActiveCfg = Debug|Any CPU
		{DFBDFAC4-0A0C-40AF-AE48-26F564331684}.Debug|Any CPU.Build.0 = Debug|Any CPU
		{DFBDFAC4-0A0C-40AF-AE48-26F564331684}.Release|Any CPU.ActiveCfg = Release|Any CPU
		{DFBDFAC4-0A0C-40AF-AE48-26F564331684}.Release|Any CPU.Build.0 = Release|Any CPU
	EndGlobalSection
	GlobalSection(SolutionProperties) = preSolution
		HideSolutionNode = FALSE
	EndGlobalSection
	GlobalSection(ExtensibilityGlobals) = postSolution
		SolutionGuid = {BC1B1E11-04B0-4456-B5B6-3D0A278FDF9D}
	EndGlobalSection
EndGlobal
